
Microsoft Visual Studio Solution File, Format Version 12.00
# Visual Studio Version 17
VisualStudioVersion = 17.8.34525.116
MinimumVisualStudioVersion = 10.0.40219.1
Project("{FAE04EC0-301F-11D3-BF4B-00C04F79EFBC}") = "ProductBase.Server", "ProductBase.Server\ProductBase.Server.csproj", "{EAD0F29E-7D8D-4F72-A3BD-EE1120E6CA40}"
EndProject
Project("{54A90642-561A-4BB1-A94E-469ADEE60C69}") = "productbase.client", "productbase.client\productbase.client.esproj", "{5568850C-427A-4ECE-907C-7C11EAAAB2EA}"
EndProject
Global
	GlobalSection(SolutionConfigurationPlatforms) = preSolution
		Debug|Any CPU = Debug|Any CPU
		Release|Any CPU = Release|Any CPU
	EndGlobalSection
	GlobalSection(ProjectConfigurationPlatforms) = postSolution
		{EAD0F29E-7D8D-4F72-A3BD-EE1120E6CA40}.Debug|Any CPU.ActiveCfg = Debug|Any CPU
		{EAD0F29E-7D8D-4F72-A3BD-EE1120E6CA40}.Debug|Any CPU.Build.0 = Debug|Any CPU
		{EAD0F29E-7D8D-4F72-A3BD-EE1120E6CA40}.Release|Any CPU.ActiveCfg = Release|Any CPU
		{EAD0F29E-7D8D-4F72-A3BD-EE1120E6CA40}.Release|Any CPU.Build.0 = Release|Any CPU
		{5568850C-427A-4ECE-907C-7C11EAAAB2EA}.Debug|Any CPU.ActiveCfg = Debug|Any CPU
		{5568850C-427A-4ECE-907C-7C11EAAAB2EA}.Debug|Any CPU.Build.0 = Debug|Any CPU
		{5568850C-427A-4ECE-907C-7C11EAAAB2EA}.Debug|Any CPU.Deploy.0 = Debug|Any CPU
		{5568850C-427A-4ECE-907C-7C11EAAAB2EA}.Release|Any CPU.ActiveCfg = Release|Any CPU
		{5568850C-427A-4ECE-907C-7C11EAAAB2EA}.Release|Any CPU.Build.0 = Release|Any CPU
		{5568850C-427A-4ECE-907C-7C11EAAAB2EA}.Release|Any CPU.Deploy.0 = Release|Any CPU
	EndGlobalSection
	GlobalSection(SolutionProperties) = preSolution
		HideSolutionNode = FALSE
	EndGlobalSection
	GlobalSection(ExtensibilityGlobals) = postSolution
		SolutionGuid = {F3C0A4AC-8D21-434E-80D5-B14BF1CF48AC}
	EndGlobalSection
EndGlobal
